// !$*UTF8*$!
{
	archiveVersion = 1;
	classes = {
	};
	objectVersion = 52;
	objects = {

/* Begin PBXBuildFile section */
		CF02328424D5CCEA00B7D8A8 /* SimplyAuthApp.swift in Sources */ = {isa = PBXBuildFile; fileRef = CF02328324D5CCEA00B7D8A8 /* SimplyAuthApp.swift */; };
		CF02328624D5CCEA00B7D8A8 /* ContentView.swift in Sources */ = {isa = PBXBuildFile; fileRef = CF02328524D5CCEA00B7D8A8 /* ContentView.swift */; };
		CF02328824D5CCEB00B7D8A8 /* Assets.xcassets in Resources */ = {isa = PBXBuildFile; fileRef = CF02328724D5CCEB00B7D8A8 /* Assets.xcassets */; };
		CF02328B24D5CCEB00B7D8A8 /* Preview Assets.xcassets in Resources */ = {isa = PBXBuildFile; fileRef = CF02328A24D5CCEB00B7D8A8 /* Preview Assets.xcassets */; };
		CF9FEE4024D7E48600A3BA0C /* ComposableArchitecture in Frameworks */ = {isa = PBXBuildFile; productRef = CF9FEE3F24D7E48600A3BA0C /* ComposableArchitecture */; };
		CF9FEE4224D7E50100A3BA0C /* AppState.swift in Sources */ = {isa = PBXBuildFile; fileRef = CF9FEE4124D7E50100A3BA0C /* AppState.swift */; };
		CFA4AD6B24D70E5300DDCDDC /* TOTP.swift in Sources */ = {isa = PBXBuildFile; fileRef = CFA4AD6A24D70E5300DDCDDC /* TOTP.swift */; };
		CFA4AD6F24D70F0100DDCDDC /* Algorithm.swift in Sources */ = {isa = PBXBuildFile; fileRef = CFA4AD6E24D70F0100DDCDDC /* Algorithm.swift */; };
		CFA4AD7124D70F6500DDCDDC /* HOTP.swift in Sources */ = {isa = PBXBuildFile; fileRef = CFA4AD7024D70F6500DDCDDC /* HOTP.swift */; };
		CFA4AD7324D70FC400DDCDDC /* Password.swift in Sources */ = {isa = PBXBuildFile; fileRef = CFA4AD7224D70FC400DDCDDC /* Password.swift */; };
		CFF0407924DA853700D80F50 /* AppAction.swift in Sources */ = {isa = PBXBuildFile; fileRef = CFF0407824DA853700D80F50 /* AppAction.swift */; };
/* End PBXBuildFile section */

/* Begin PBXFileReference section */
		CF02328024D5CCEA00B7D8A8 /* SimplyAuth.app */ = {isa = PBXFileReference; explicitFileType = wrapper.application; includeInIndex = 0; path = SimplyAuth.app; sourceTree = BUILT_PRODUCTS_DIR; };
		CF02328324D5CCEA00B7D8A8 /* SimplyAuthApp.swift */ = {isa = PBXFileReference; lastKnownFileType = sourcecode.swift; path = SimplyAuthApp.swift; sourceTree = "<group>"; };
		CF02328524D5CCEA00B7D8A8 /* ContentView.swift */ = {isa = PBXFileReference; lastKnownFileType = sourcecode.swift; path = ContentView.swift; sourceTree = "<group>"; };
		CF02328724D5CCEB00B7D8A8 /* Assets.xcassets */ = {isa = PBXFileReference; lastKnownFileType = folder.assetcatalog; path = Assets.xcassets; sourceTree = "<group>"; };
		CF02328A24D5CCEB00B7D8A8 /* Preview Assets.xcassets */ = {isa = PBXFileReference; lastKnownFileType = folder.assetcatalog; path = "Preview Assets.xcassets"; sourceTree = "<group>"; };
		CF02328C24D5CCEB00B7D8A8 /* Info.plist */ = {isa = PBXFileReference; lastKnownFileType = text.plist.xml; path = Info.plist; sourceTree = "<group>"; };
		CF9FEE4124D7E50100A3BA0C /* AppState.swift */ = {isa = PBXFileReference; lastKnownFileType = sourcecode.swift; path = AppState.swift; sourceTree = "<group>"; };
		CFA4AD6A24D70E5300DDCDDC /* TOTP.swift */ = {isa = PBXFileReference; lastKnownFileType = sourcecode.swift; path = TOTP.swift; sourceTree = "<group>"; };
		CFA4AD6E24D70F0100DDCDDC /* Algorithm.swift */ = {isa = PBXFileReference; lastKnownFileType = sourcecode.swift; path = Algorithm.swift; sourceTree = "<group>"; };
		CFA4AD7024D70F6500DDCDDC /* HOTP.swift */ = {isa = PBXFileReference; lastKnownFileType = sourcecode.swift; path = HOTP.swift; sourceTree = "<group>"; };
		CFA4AD7224D70FC400DDCDDC /* Password.swift */ = {isa = PBXFileReference; lastKnownFileType = sourcecode.swift; path = Password.swift; sourceTree = "<group>"; };
		CFF0407824DA853700D80F50 /* AppAction.swift */ = {isa = PBXFileReference; lastKnownFileType = sourcecode.swift; path = AppAction.swift; sourceTree = "<group>"; };
/* End PBXFileReference section */

/* Begin PBXFrameworksBuildPhase section */
		CF02327D24D5CCEA00B7D8A8 /* Frameworks */ = {
			isa = PBXFrameworksBuildPhase;
			buildActionMask = 2147483647;
			files = (
				CF9FEE4024D7E48600A3BA0C /* ComposableArchitecture in Frameworks */,
			);
			runOnlyForDeploymentPostprocessing = 0;
		};
/* End PBXFrameworksBuildPhase section */

/* Begin PBXGroup section */
		CF02327724D5CCEA00B7D8A8 = {
			isa = PBXGroup;
			children = (
				CF02328224D5CCEA00B7D8A8 /* SimplyAuth */,
				CF02328124D5CCEA00B7D8A8 /* Products */,
			);
			sourceTree = "<group>";
		};
		CF02328124D5CCEA00B7D8A8 /* Products */ = {
			isa = PBXGroup;
			children = (
				CF02328024D5CCEA00B7D8A8 /* SimplyAuth.app */,
			);
			name = Products;
			sourceTree = "<group>";
		};
		CF02328224D5CCEA00B7D8A8 /* SimplyAuth */ = {
			isa = PBXGroup;
			children = (
				CFA4AD6924D70E2D00DDCDDC /* Models */,
				CF02328324D5CCEA00B7D8A8 /* SimplyAuthApp.swift */,
				CF02328524D5CCEA00B7D8A8 /* ContentView.swift */,
				CF02328724D5CCEB00B7D8A8 /* Assets.xcassets */,
				CF02328C24D5CCEB00B7D8A8 /* Info.plist */,
				CF02328924D5CCEB00B7D8A8 /* Preview Content */,
				CF9FEE4124D7E50100A3BA0C /* AppState.swift */,
				CFF0407824DA853700D80F50 /* AppAction.swift */,
			);
			path = SimplyAuth;
			sourceTree = "<group>";
		};
		CF02328924D5CCEB00B7D8A8 /* Preview Content */ = {
			isa = PBXGroup;
			children = (
				CF02328A24D5CCEB00B7D8A8 /* Preview Assets.xcassets */,
			);
			path = "Preview Content";
			sourceTree = "<group>";
		};
		CFA4AD6924D70E2D00DDCDDC /* Models */ = {
			isa = PBXGroup;
			children = (
				CFA4AD6A24D70E5300DDCDDC /* TOTP.swift */,
				CFA4AD6E24D70F0100DDCDDC /* Algorithm.swift */,
				CFA4AD7024D70F6500DDCDDC /* HOTP.swift */,
				CFA4AD7224D70FC400DDCDDC /* Password.swift */,
			);
			path = Models;
			sourceTree = "<group>";
		};
/* End PBXGroup section */

/* Begin PBXNativeTarget section */
		CF02327F24D5CCEA00B7D8A8 /* SimplyAuth */ = {
			isa = PBXNativeTarget;
			buildConfigurationList = CF02328F24D5CCEB00B7D8A8 /* Build configuration list for PBXNativeTarget "SimplyAuth" */;
			buildPhases = (
				CF02327C24D5CCEA00B7D8A8 /* Sources */,
				CF02327D24D5CCEA00B7D8A8 /* Frameworks */,
				CF02327E24D5CCEA00B7D8A8 /* Resources */,
			);
			buildRules = (
			);
			dependencies = (
			);
			name = SimplyAuth;
			packageProductDependencies = (
				CF9FEE3F24D7E48600A3BA0C /* ComposableArchitecture */,
			);
			productName = SimplyAuth;
			productReference = CF02328024D5CCEA00B7D8A8 /* SimplyAuth.app */;
			productType = "com.apple.product-type.application";
		};
/* End PBXNativeTarget section */

/* Begin PBXProject section */
		CF02327824D5CCEA00B7D8A8 /* Project object */ = {
			isa = PBXProject;
			attributes = {
				LastSwiftUpdateCheck = 1200;
				LastUpgradeCheck = 1200;
				TargetAttributes = {
					CF02327F24D5CCEA00B7D8A8 = {
						CreatedOnToolsVersion = 12.0;
					};
				};
			};
			buildConfigurationList = CF02327B24D5CCEA00B7D8A8 /* Build configuration list for PBXProject "SimplyAuth" */;
			compatibilityVersion = "Xcode 9.3";
			developmentRegion = en;
			hasScannedForEncodings = 0;
			knownRegions = (
				en,
				Base,
			);
			mainGroup = CF02327724D5CCEA00B7D8A8;
			packageReferences = (
				CF9FEE3E24D7E48600A3BA0C /* XCRemoteSwiftPackageReference "swift-composable-architecture" */,
			);
			productRefGroup = CF02328124D5CCEA00B7D8A8 /* Products */;
			projectDirPath = "";
			projectRoot = "";
			targets = (
				CF02327F24D5CCEA00B7D8A8 /* SimplyAuth */,
			);
		};
/* End PBXProject section */

/* Begin PBXResourcesBuildPhase section */
		CF02327E24D5CCEA00B7D8A8 /* Resources */ = {
			isa = PBXResourcesBuildPhase;
			buildActionMask = 2147483647;
			files = (
				CF02328B24D5CCEB00B7D8A8 /* Preview Assets.xcassets in Resources */,
				CF02328824D5CCEB00B7D8A8 /* Assets.xcassets in Resources */,
			);
			runOnlyForDeploymentPostprocessing = 0;
		};
/* End PBXResourcesBuildPhase section */

/* Begin PBXSourcesBuildPhase section */
		CF02327C24D5CCEA00B7D8A8 /* Sources */ = {
			isa = PBXSourcesBuildPhase;
			buildActionMask = 2147483647;
			files = (
				CFA4AD7324D70FC400DDCDDC /* Password.swift in Sources */,
				CF02328624D5CCEA00B7D8A8 /* ContentView.swift in Sources */,
				CF9FEE4224D7E50100A3BA0C /* AppState.swift in Sources */,
				CFA4AD6F24D70F0100DDCDDC /* Algorithm.swift in Sources */,
				CFA4AD7124D70F6500DDCDDC /* HOTP.swift in Sources */,
				CFF0407924DA853700D80F50 /* AppAction.swift in Sources */,
				CFA4AD6B24D70E5300DDCDDC /* TOTP.swift in Sources */,
				CF02328424D5CCEA00B7D8A8 /* SimplyAuthApp.swift in Sources */,
			);
			runOnlyForDeploymentPostprocessing = 0;
		};
/* End PBXSourcesBuildPhase section */

/* Begin XCBuildConfiguration section */
		CF02328D24D5CCEB00B7D8A8 /* Debug */ = {
			isa = XCBuildConfiguration;
			buildSettings = {
				ALWAYS_SEARCH_USER_PATHS = NO;
				CLANG_ANALYZER_NONNULL = YES;
				CLANG_ANALYZER_NUMBER_OBJECT_CONVERSION = YES_AGGRESSIVE;
				CLANG_CXX_LANGUAGE_STANDARD = "gnu++14";
				CLANG_CXX_LIBRARY = "libc++";
				CLANG_ENABLE_MODULES = YES;
				CLANG_ENABLE_OBJC_ARC = YES;
				CLANG_ENABLE_OBJC_WEAK = YES;
				CLANG_WARN_BLOCK_CAPTURE_AUTORELEASING = YES;
				CLANG_WARN_BOOL_CONVERSION = YES;
				CLANG_WARN_COMMA = YES;
				CLANG_WARN_CONSTANT_CONVERSION = YES;
				CLANG_WARN_DEPRECATED_OBJC_IMPLEMENTATIONS = YES;
				CLANG_WARN_DIRECT_OBJC_ISA_USAGE = YES_ERROR;
				CLANG_WARN_DOCUMENTATION_COMMENTS = YES;
				CLANG_WARN_EMPTY_BODY = YES;
				CLANG_WARN_ENUM_CONVERSION = YES;
				CLANG_WARN_INFINITE_RECURSION = YES;
				CLANG_WARN_INT_CONVERSION = YES;
				CLANG_WARN_NON_LITERAL_NULL_CONVERSION = YES;
				CLANG_WARN_OBJC_IMPLICIT_RETAIN_SELF = YES;
				CLANG_WARN_OBJC_LITERAL_CONVERSION = YES;
				CLANG_WARN_OBJC_ROOT_CLASS = YES_ERROR;
				CLANG_WARN_QUOTED_INCLUDE_IN_FRAMEWORK_HEADER = YES;
				CLANG_WARN_RANGE_LOOP_ANALYSIS = YES;
				CLANG_WARN_STRICT_PROTOTYPES = YES;
				CLANG_WARN_SUSPICIOUS_MOVE = YES;
				CLANG_WARN_UNGUARDED_AVAILABILITY = YES_AGGRESSIVE;
				CLANG_WARN_UNREACHABLE_CODE = YES;
				CLANG_WARN__DUPLICATE_METHOD_MATCH = YES;
				COPY_PHASE_STRIP = NO;
				DEBUG_INFORMATION_FORMAT = dwarf;
				ENABLE_STRICT_OBJC_MSGSEND = YES;
				ENABLE_TESTABILITY = YES;
				GCC_C_LANGUAGE_STANDARD = gnu11;
				GCC_DYNAMIC_NO_PIC = NO;
				GCC_NO_COMMON_BLOCKS = YES;
				GCC_OPTIMIZATION_LEVEL = 0;
				GCC_PREPROCESSOR_DEFINITIONS = (
					"DEBUG=1",
					"$(inherited)",
				);
				GCC_WARN_64_TO_32_BIT_CONVERSION = YES;
				GCC_WARN_ABOUT_RETURN_TYPE = YES_ERROR;
				GCC_WARN_UNDECLARED_SELECTOR = YES;
				GCC_WARN_UNINITIALIZED_AUTOS = YES_AGGRESSIVE;
				GCC_WARN_UNUSED_FUNCTION = YES;
				GCC_WARN_UNUSED_VARIABLE = YES;
				IPHONEOS_DEPLOYMENT_TARGET = 14.0;
				MTL_ENABLE_DEBUG_INFO = INCLUDE_SOURCE;
				MTL_FAST_MATH = YES;
				ONLY_ACTIVE_ARCH = YES;
				SDKROOT = iphoneos;
				SWIFT_ACTIVE_COMPILATION_CONDITIONS = DEBUG;
				SWIFT_OPTIMIZATION_LEVEL = "-Onone";
			};
			name = Debug;
		};
		CF02328E24D5CCEB00B7D8A8 /* Release */ = {
			isa = XCBuildConfiguration;
			buildSettings = {
				ALWAYS_SEARCH_USER_PATHS = NO;
				CLANG_ANALYZER_NONNULL = YES;
				CLANG_ANALYZER_NUMBER_OBJECT_CONVERSION = YES_AGGRESSIVE;
				CLANG_CXX_LANGUAGE_STANDARD = "gnu++14";
				CLANG_CXX_LIBRARY = "libc++";
				CLANG_ENABLE_MODULES = YES;
				CLANG_ENABLE_OBJC_ARC = YES;
				CLANG_ENABLE_OBJC_WEAK = YES;
				CLANG_WARN_BLOCK_CAPTURE_AUTORELEASING = YES;
				CLANG_WARN_BOOL_CONVERSION = YES;
				CLANG_WARN_COMMA = YES;
				CLANG_WARN_CONSTANT_CONVERSION = YES;
				CLANG_WARN_DEPRECATED_OBJC_IMPLEMENTATIONS = YES;
				CLANG_WARN_DIRECT_OBJC_ISA_USAGE = YES_ERROR;
				CLANG_WARN_DOCUMENTATION_COMMENTS = YES;
				CLANG_WARN_EMPTY_BODY = YES;
				CLANG_WARN_ENUM_CONVERSION = YES;
				CLANG_WARN_INFINITE_RECURSION = YES;
				CLANG_WARN_INT_CONVERSION = YES;
				CLANG_WARN_NON_LITERAL_NULL_CONVERSION = YES;
				CLANG_WARN_OBJC_IMPLICIT_RETAIN_SELF = YES;
				CLANG_WARN_OBJC_LITERAL_CONVERSION = YES;
				CLANG_WARN_OBJC_ROOT_CLASS = YES_ERROR;
				CLANG_WARN_QUOTED_INCLUDE_IN_FRAMEWORK_HEADER = YES;
				CLANG_WARN_RANGE_LOOP_ANALYSIS = YES;
				CLANG_WARN_STRICT_PROTOTYPES = YES;
				CLANG_WARN_SUSPICIOUS_MOVE = YES;
				CLANG_WARN_UNGUARDED_AVAILABILITY = YES_AGGRESSIVE;
				CLANG_WARN_UNREACHABLE_CODE = YES;
				CLANG_WARN__DUPLICATE_METHOD_MATCH = YES;
				COPY_PHASE_STRIP = NO;
				DEBUG_INFORMATION_FORMAT = "dwarf-with-dsym";
				ENABLE_NS_ASSERTIONS = NO;
				ENABLE_STRICT_OBJC_MSGSEND = YES;
				GCC_C_LANGUAGE_STANDARD = gnu11;
				GCC_NO_COMMON_BLOCKS = YES;
				GCC_WARN_64_TO_32_BIT_CONVERSION = YES;
				GCC_WARN_ABOUT_RETURN_TYPE = YES_ERROR;
				GCC_WARN_UNDECLARED_SELECTOR = YES;
				GCC_WARN_UNINITIALIZED_AUTOS = YES_AGGRESSIVE;
				GCC_WARN_UNUSED_FUNCTION = YES;
				GCC_WARN_UNUSED_VARIABLE = YES;
				IPHONEOS_DEPLOYMENT_TARGET = 14.0;
				MTL_ENABLE_DEBUG_INFO = NO;
				MTL_FAST_MATH = YES;
				SDKROOT = iphoneos;
				SWIFT_COMPILATION_MODE = wholemodule;
				SWIFT_OPTIMIZATION_LEVEL = "-O";
				VALIDATE_PRODUCT = YES;
			};
			name = Release;
		};
		CF02329024D5CCEB00B7D8A8 /* Debug */ = {
			isa = XCBuildConfiguration;
			buildSettings = {
				ASSETCATALOG_COMPILER_APPICON_NAME = AppIcon;
				ASSETCATALOG_COMPILER_GLOBAL_ACCENT_COLOR_NAME = AccentColor;
				CODE_SIGN_STYLE = Automatic;
				DEVELOPMENT_ASSET_PATHS = "\"SimplyAuth/Preview Content\"";
				DEVELOPMENT_TEAM = Y99795RM29;
				ENABLE_PREVIEWS = YES;
				INFOPLIST_FILE = SimplyAuth/Info.plist;
				IPHONEOS_DEPLOYMENT_TARGET = 14.0;
				LD_RUNPATH_SEARCH_PATHS = (
					"$(inherited)",
					"@executable_path/Frameworks",
				);
				PRODUCT_BUNDLE_IDENTIFIER = com.PaoloRocca.SimplyAuth;
				PRODUCT_NAME = "$(TARGET_NAME)";
				SWIFT_VERSION = 5.0;
				TARGETED_DEVICE_FAMILY = "1,2";
			};
			name = Debug;
		};
		CF02329124D5CCEB00B7D8A8 /* Release */ = {
			isa = XCBuildConfiguration;
			buildSettings = {
				ASSETCATALOG_COMPILER_APPICON_NAME = AppIcon;
				ASSETCATALOG_COMPILER_GLOBAL_ACCENT_COLOR_NAME = AccentColor;
				CODE_SIGN_STYLE = Automatic;
				DEVELOPMENT_ASSET_PATHS = "\"SimplyAuth/Preview Content\"";
				DEVELOPMENT_TEAM = Y99795RM29;
				ENABLE_PREVIEWS = YES;
				INFOPLIST_FILE = SimplyAuth/Info.plist;
				IPHONEOS_DEPLOYMENT_TARGET = 14.0;
				LD_RUNPATH_SEARCH_PATHS = (
					"$(inherited)",
					"@executable_path/Frameworks",
				);
				PRODUCT_BUNDLE_IDENTIFIER = com.PaoloRocca.SimplyAuth;
				PRODUCT_NAME = "$(TARGET_NAME)";
				SWIFT_VERSION = 5.0;
				TARGETED_DEVICE_FAMILY = "1,2";
			};
			name = Release;
		};
/* End XCBuildConfiguration section */

/* Begin XCConfigurationList section */
		CF02327B24D5CCEA00B7D8A8 /* Build configuration list for PBXProject "SimplyAuth" */ = {
			isa = XCConfigurationList;
			buildConfigurations = (
				CF02328D24D5CCEB00B7D8A8 /* Debug */,
				CF02328E24D5CCEB00B7D8A8 /* Release */,
			);
			defaultConfigurationIsVisible = 0;
			defaultConfigurationName = Release;
		};
		CF02328F24D5CCEB00B7D8A8 /* Build configuration list for PBXNativeTarget "SimplyAuth" */ = {
			isa = XCConfigurationList;
			buildConfigurations = (
				CF02329024D5CCEB00B7D8A8 /* Debug */,
				CF02329124D5CCEB00B7D8A8 /* Release */,
			);
			defaultConfigurationIsVisible = 0;
			defaultConfigurationName = Release;
		};
/* End XCConfigurationList section */

/* Begin XCRemoteSwiftPackageReference section */
		CF9FEE3E24D7E48600A3BA0C /* XCRemoteSwiftPackageReference "swift-composable-architecture" */ = {
			isa = XCRemoteSwiftPackageReference;
			repositoryURL = "https://github.com/pointfreeco/swift-composable-architecture";
			requirement = {
				kind = upToNextMajorVersion;
				minimumVersion = 0.6.0;
			};
		};
/* End XCRemoteSwiftPackageReference section */

/* Begin XCSwiftPackageProductDependency section */
		CF9FEE3F24D7E48600A3BA0C /* ComposableArchitecture */ = {
			isa = XCSwiftPackageProductDependency;
			package = CF9FEE3E24D7E48600A3BA0C /* XCRemoteSwiftPackageReference "swift-composable-architecture" */;
			productName = ComposableArchitecture;
		};
/* End XCSwiftPackageProductDependency section */
	};
	rootObject = CF02327824D5CCEA00B7D8A8 /* Project object */;
}
