// !$*UTF8*$!
{
	archiveVersion = 1;
	classes = {
	};
	objectVersion = 52;
	objects = {

/* Begin PBXBuildFile section */
		CF02328424D5CCEA00B7D8A8 /* SimplyAuthApp.swift in Sources */ = {isa = PBXBuildFile; fileRef = CF02328324D5CCEA00B7D8A8 /* SimplyAuthApp.swift */; };
		CF02328624D5CCEA00B7D8A8 /* ContentView.swift in Sources */ = {isa = PBXBuildFile; fileRef = CF02328524D5CCEA00B7D8A8 /* ContentView.swift */; };
		CF02328824D5CCEB00B7D8A8 /* Assets.xcassets in Resources */ = {isa = PBXBuildFile; fileRef = CF02328724D5CCEB00B7D8A8 /* Assets.xcassets */; };
		CF02328B24D5CCEB00B7D8A8 /* Preview Assets.xcassets in Resources */ = {isa = PBXBuildFile; fileRef = CF02328A24D5CCEB00B7D8A8 /* Preview Assets.xcassets */; };
		CF2850F72519CECD00C50DD0 /* TOTPView.swift in Sources */ = {isa = PBXBuildFile; fileRef = CF2850F62519CECD00C50DD0 /* TOTPView.swift */; };
		CF28FD65253355F1004D7B5F /* BlurView.swift in Sources */ = {isa = PBXBuildFile; fileRef = CF28FD64253355F1004D7B5F /* BlurView.swift */; };
		CF5304CA25400B2D0093A046 /* EditState.swift in Sources */ = {isa = PBXBuildFile; fileRef = CF5304C925400B2D0093A046 /* EditState.swift */; };
		CF5304CD25400E680093A046 /* EditAction.swift in Sources */ = {isa = PBXBuildFile; fileRef = CF5304CC25400E680093A046 /* EditAction.swift */; };
		CF5BEE06250CCBBC006C269C /* OTPCell.swift in Sources */ = {isa = PBXBuildFile; fileRef = CF5BEE05250CCBBC006C269C /* OTPCell.swift */; };
		CF63557724EA7A7400FD73A6 /* AppReducer.swift in Sources */ = {isa = PBXBuildFile; fileRef = CF63557624EA7A7400FD73A6 /* AppReducer.swift */; };
		CF70CE4324DC74CE00D582A1 /* Keychain.swift in Sources */ = {isa = PBXBuildFile; fileRef = CF70CE4224DC74CE00D582A1 /* Keychain.swift */; };
		CF70CE4524DC779300D582A1 /* KeychainError.swift in Sources */ = {isa = PBXBuildFile; fileRef = CF70CE4424DC779300D582A1 /* KeychainError.swift */; };
		CF7DB170250A0137001999E4 /* HomeAction.swift in Sources */ = {isa = PBXBuildFile; fileRef = CF7DB16F250A0137001999E4 /* HomeAction.swift */; };
		CF9A7DE925164B8E00858F8C /* OTPExtractor.swift in Sources */ = {isa = PBXBuildFile; fileRef = CF9A7DE825164B8E00858F8C /* OTPExtractor.swift */; };
		CF9FEE4024D7E48600A3BA0C /* ComposableArchitecture in Frameworks */ = {isa = PBXBuildFile; productRef = CF9FEE3F24D7E48600A3BA0C /* ComposableArchitecture */; };
		CF9FEE4224D7E50100A3BA0C /* AppState.swift in Sources */ = {isa = PBXBuildFile; fileRef = CF9FEE4124D7E50100A3BA0C /* AppState.swift */; };
		CFA4AD6B24D70E5300DDCDDC /* TOTP.swift in Sources */ = {isa = PBXBuildFile; fileRef = CFA4AD6A24D70E5300DDCDDC /* TOTP.swift */; };
		CFA4AD6F24D70F0100DDCDDC /* Algorithm.swift in Sources */ = {isa = PBXBuildFile; fileRef = CFA4AD6E24D70F0100DDCDDC /* Algorithm.swift */; };
		CFA4AD7124D70F6500DDCDDC /* HOTP.swift in Sources */ = {isa = PBXBuildFile; fileRef = CFA4AD7024D70F6500DDCDDC /* HOTP.swift */; };
		CFA4AD7324D70FC400DDCDDC /* Password.swift in Sources */ = {isa = PBXBuildFile; fileRef = CFA4AD7224D70FC400DDCDDC /* Password.swift */; };
		CFBA04DA2525A83600AD559B /* ScannerAction.swift in Sources */ = {isa = PBXBuildFile; fileRef = CFBA04D92525A83600AD559B /* ScannerAction.swift */; };
		CFBA04DD2525A9E000AD559B /* ScannerState.swift in Sources */ = {isa = PBXBuildFile; fileRef = CFBA04DC2525A9E000AD559B /* ScannerState.swift */; };
		CFBA04E02525ADDE00AD559B /* ScannerReducer.swift in Sources */ = {isa = PBXBuildFile; fileRef = CFBA04DF2525ADDE00AD559B /* ScannerReducer.swift */; };
		CFBA04E42525AFE400AD559B /* ScannerView.swift in Sources */ = {isa = PBXBuildFile; fileRef = CFBA04E32525AFE400AD559B /* ScannerView.swift */; };
		CFBBF53B25208DD20048E689 /* HomeView.swift in Sources */ = {isa = PBXBuildFile; fileRef = CFBBF53A25208DD20048E689 /* HomeView.swift */; };
		CFBC0358251DC79F00BDDA0A /* HOTPView.swift in Sources */ = {isa = PBXBuildFile; fileRef = CFBC0357251DC79F00BDDA0A /* HOTPView.swift */; };
		CFBE2522250B4D95008EE40C /* HomeReducer.swift in Sources */ = {isa = PBXBuildFile; fileRef = CFBE2521250B4D95008EE40C /* HomeReducer.swift */; };
		CFBE2524250B4DAB008EE40C /* HomeEnvironment.swift in Sources */ = {isa = PBXBuildFile; fileRef = CFBE2523250B4DAB008EE40C /* HomeEnvironment.swift */; };
		CFC87D5C254595D000788EB9 /* EditReducer.swift in Sources */ = {isa = PBXBuildFile; fileRef = CFC87D5B254595D000788EB9 /* EditReducer.swift */; };
		CFC87D602545C0F700788EB9 /* EditView.swift in Sources */ = {isa = PBXBuildFile; fileRef = CFC87D5F2545C0F700788EB9 /* EditView.swift */; };
		CFCC276525230E4500D79AF6 /* QRCodeScannerViewController.swift in Sources */ = {isa = PBXBuildFile; fileRef = CFCC276425230E4500D79AF6 /* QRCodeScannerViewController.swift */; };
		CFCC276925230E9000D79AF6 /* QRCodeScannerView.swift in Sources */ = {isa = PBXBuildFile; fileRef = CFCC276825230E9000D79AF6 /* QRCodeScannerView.swift */; };
		CFE90B9D251B1F9D00E2A49A /* Gauge.swift in Sources */ = {isa = PBXBuildFile; fileRef = CFE90B9C251B1F9D00E2A49A /* Gauge.swift */; };
		CFE90BA1251B259900E2A49A /* Extensions.swift in Sources */ = {isa = PBXBuildFile; fileRef = CFE90BA0251B259900E2A49A /* Extensions.swift */; };
		CFF0407924DA853700D80F50 /* AppAction.swift in Sources */ = {isa = PBXBuildFile; fileRef = CFF0407824DA853700D80F50 /* AppAction.swift */; };
		CFF0407B24DA8A0C00D80F50 /* AppEnvironment.swift in Sources */ = {isa = PBXBuildFile; fileRef = CFF0407A24DA8A0C00D80F50 /* AppEnvironment.swift */; };
		CFF0407D24DA8B2100D80F50 /* IDStore.swift in Sources */ = {isa = PBXBuildFile; fileRef = CFF0407C24DA8B2100D80F50 /* IDStore.swift */; };
		CFF0407F24DA8B3500D80F50 /* PasswordStore.swift in Sources */ = {isa = PBXBuildFile; fileRef = CFF0407E24DA8B3500D80F50 /* PasswordStore.swift */; };
		CFF5434B25029D40004AA37A /* HomeState.swift in Sources */ = {isa = PBXBuildFile; fileRef = CFF5434A25029D40004AA37A /* HomeState.swift */; };
/* End PBXBuildFile section */

/* Begin PBXFileReference section */
		CF02328024D5CCEA00B7D8A8 /* SimplyAuth.app */ = {isa = PBXFileReference; explicitFileType = wrapper.application; includeInIndex = 0; path = SimplyAuth.app; sourceTree = BUILT_PRODUCTS_DIR; };
		CF02328324D5CCEA00B7D8A8 /* SimplyAuthApp.swift */ = {isa = PBXFileReference; lastKnownFileType = sourcecode.swift; path = SimplyAuthApp.swift; sourceTree = "<group>"; };
		CF02328524D5CCEA00B7D8A8 /* ContentView.swift */ = {isa = PBXFileReference; lastKnownFileType = sourcecode.swift; path = ContentView.swift; sourceTree = "<group>"; };
		CF02328724D5CCEB00B7D8A8 /* Assets.xcassets */ = {isa = PBXFileReference; lastKnownFileType = folder.assetcatalog; path = Assets.xcassets; sourceTree = "<group>"; };
		CF02328A24D5CCEB00B7D8A8 /* Preview Assets.xcassets */ = {isa = PBXFileReference; lastKnownFileType = folder.assetcatalog; path = "Preview Assets.xcassets"; sourceTree = "<group>"; };
		CF02328C24D5CCEB00B7D8A8 /* Info.plist */ = {isa = PBXFileReference; lastKnownFileType = text.plist.xml; path = Info.plist; sourceTree = "<group>"; };
		CF2850F62519CECD00C50DD0 /* TOTPView.swift */ = {isa = PBXFileReference; lastKnownFileType = sourcecode.swift; path = TOTPView.swift; sourceTree = "<group>"; };
		CF28FD64253355F1004D7B5F /* BlurView.swift */ = {isa = PBXFileReference; lastKnownFileType = sourcecode.swift; path = BlurView.swift; sourceTree = "<group>"; };
		CF5304C925400B2D0093A046 /* EditState.swift */ = {isa = PBXFileReference; lastKnownFileType = sourcecode.swift; path = EditState.swift; sourceTree = "<group>"; };
		CF5304CC25400E680093A046 /* EditAction.swift */ = {isa = PBXFileReference; lastKnownFileType = sourcecode.swift; path = EditAction.swift; sourceTree = "<group>"; };
		CF5BEE05250CCBBC006C269C /* OTPCell.swift */ = {isa = PBXFileReference; lastKnownFileType = sourcecode.swift; path = OTPCell.swift; sourceTree = "<group>"; };
		CF63557624EA7A7400FD73A6 /* AppReducer.swift */ = {isa = PBXFileReference; lastKnownFileType = sourcecode.swift; path = AppReducer.swift; sourceTree = "<group>"; };
		CF70CE4224DC74CE00D582A1 /* Keychain.swift */ = {isa = PBXFileReference; lastKnownFileType = sourcecode.swift; path = Keychain.swift; sourceTree = "<group>"; };
		CF70CE4424DC779300D582A1 /* KeychainError.swift */ = {isa = PBXFileReference; lastKnownFileType = sourcecode.swift; path = KeychainError.swift; sourceTree = "<group>"; };
		CF7DB16F250A0137001999E4 /* HomeAction.swift */ = {isa = PBXFileReference; lastKnownFileType = sourcecode.swift; path = HomeAction.swift; sourceTree = "<group>"; };
		CF9A7DE825164B8E00858F8C /* OTPExtractor.swift */ = {isa = PBXFileReference; lastKnownFileType = sourcecode.swift; path = OTPExtractor.swift; sourceTree = "<group>"; };
		CF9FEE4124D7E50100A3BA0C /* AppState.swift */ = {isa = PBXFileReference; lastKnownFileType = sourcecode.swift; path = AppState.swift; sourceTree = "<group>"; };
		CFA4AD6A24D70E5300DDCDDC /* TOTP.swift */ = {isa = PBXFileReference; lastKnownFileType = sourcecode.swift; path = TOTP.swift; sourceTree = "<group>"; };
		CFA4AD6E24D70F0100DDCDDC /* Algorithm.swift */ = {isa = PBXFileReference; lastKnownFileType = sourcecode.swift; path = Algorithm.swift; sourceTree = "<group>"; };
		CFA4AD7024D70F6500DDCDDC /* HOTP.swift */ = {isa = PBXFileReference; lastKnownFileType = sourcecode.swift; path = HOTP.swift; sourceTree = "<group>"; };
		CFA4AD7224D70FC400DDCDDC /* Password.swift */ = {isa = PBXFileReference; lastKnownFileType = sourcecode.swift; path = Password.swift; sourceTree = "<group>"; };
		CFBA04D92525A83600AD559B /* ScannerAction.swift */ = {isa = PBXFileReference; lastKnownFileType = sourcecode.swift; path = ScannerAction.swift; sourceTree = "<group>"; };
		CFBA04DC2525A9E000AD559B /* ScannerState.swift */ = {isa = PBXFileReference; lastKnownFileType = sourcecode.swift; path = ScannerState.swift; sourceTree = "<group>"; };
		CFBA04DF2525ADDE00AD559B /* ScannerReducer.swift */ = {isa = PBXFileReference; lastKnownFileType = sourcecode.swift; path = ScannerReducer.swift; sourceTree = "<group>"; };
		CFBA04E32525AFE400AD559B /* ScannerView.swift */ = {isa = PBXFileReference; lastKnownFileType = sourcecode.swift; path = ScannerView.swift; sourceTree = "<group>"; };
		CFBBF53A25208DD20048E689 /* HomeView.swift */ = {isa = PBXFileReference; lastKnownFileType = sourcecode.swift; path = HomeView.swift; sourceTree = "<group>"; };
		CFBC0357251DC79F00BDDA0A /* HOTPView.swift */ = {isa = PBXFileReference; lastKnownFileType = sourcecode.swift; path = HOTPView.swift; sourceTree = "<group>"; };
		CFBE2521250B4D95008EE40C /* HomeReducer.swift */ = {isa = PBXFileReference; lastKnownFileType = sourcecode.swift; path = HomeReducer.swift; sourceTree = "<group>"; };
		CFBE2523250B4DAB008EE40C /* HomeEnvironment.swift */ = {isa = PBXFileReference; lastKnownFileType = sourcecode.swift; path = HomeEnvironment.swift; sourceTree = "<group>"; };
		CFC87D5B254595D000788EB9 /* EditReducer.swift */ = {isa = PBXFileReference; lastKnownFileType = sourcecode.swift; path = EditReducer.swift; sourceTree = "<group>"; };
		CFC87D5F2545C0F700788EB9 /* EditView.swift */ = {isa = PBXFileReference; lastKnownFileType = sourcecode.swift; path = EditView.swift; sourceTree = "<group>"; };
		CFCC276425230E4500D79AF6 /* QRCodeScannerViewController.swift */ = {isa = PBXFileReference; lastKnownFileType = sourcecode.swift; path = QRCodeScannerViewController.swift; sourceTree = "<group>"; };
		CFCC276825230E9000D79AF6 /* QRCodeScannerView.swift */ = {isa = PBXFileReference; lastKnownFileType = sourcecode.swift; path = QRCodeScannerView.swift; sourceTree = "<group>"; };
		CFE90B9C251B1F9D00E2A49A /* Gauge.swift */ = {isa = PBXFileReference; lastKnownFileType = sourcecode.swift; path = Gauge.swift; sourceTree = "<group>"; };
		CFE90BA0251B259900E2A49A /* Extensions.swift */ = {isa = PBXFileReference; lastKnownFileType = sourcecode.swift; path = Extensions.swift; sourceTree = "<group>"; };
		CFF0407824DA853700D80F50 /* AppAction.swift */ = {isa = PBXFileReference; lastKnownFileType = sourcecode.swift; path = AppAction.swift; sourceTree = "<group>"; };
		CFF0407A24DA8A0C00D80F50 /* AppEnvironment.swift */ = {isa = PBXFileReference; lastKnownFileType = sourcecode.swift; path = AppEnvironment.swift; sourceTree = "<group>"; };
		CFF0407C24DA8B2100D80F50 /* IDStore.swift */ = {isa = PBXFileReference; lastKnownFileType = sourcecode.swift; path = IDStore.swift; sourceTree = "<group>"; };
		CFF0407E24DA8B3500D80F50 /* PasswordStore.swift */ = {isa = PBXFileReference; lastKnownFileType = sourcecode.swift; path = PasswordStore.swift; sourceTree = "<group>"; };
		CFF5434A25029D40004AA37A /* HomeState.swift */ = {isa = PBXFileReference; lastKnownFileType = sourcecode.swift; path = HomeState.swift; sourceTree = "<group>"; };
/* End PBXFileReference section */

/* Begin PBXFrameworksBuildPhase section */
		CF02327D24D5CCEA00B7D8A8 /* Frameworks */ = {
			isa = PBXFrameworksBuildPhase;
			buildActionMask = 2147483647;
			files = (
				CF9FEE4024D7E48600A3BA0C /* ComposableArchitecture in Frameworks */,
			);
			runOnlyForDeploymentPostprocessing = 0;
		};
/* End PBXFrameworksBuildPhase section */

/* Begin PBXGroup section */
		CF02327724D5CCEA00B7D8A8 = {
			isa = PBXGroup;
			children = (
				CF02328224D5CCEA00B7D8A8 /* SimplyAuth */,
				CF02328124D5CCEA00B7D8A8 /* Products */,
			);
			sourceTree = "<group>";
		};
		CF02328124D5CCEA00B7D8A8 /* Products */ = {
			isa = PBXGroup;
			children = (
				CF02328024D5CCEA00B7D8A8 /* SimplyAuth.app */,
			);
			name = Products;
			sourceTree = "<group>";
		};
		CF02328224D5CCEA00B7D8A8 /* SimplyAuth */ = {
			isa = PBXGroup;
			children = (
				CFE90B9B251B1F7F00E2A49A /* Widgets */,
				CF9A7DE725164B2A00858F8C /* OTP */,
				CF70CE4624DC8ABD00D582A1 /* Store */,
				CF70CE4124DC74B300D582A1 /* Keychain */,
				CFA4AD6924D70E2D00DDCDDC /* Models */,
				CFF5434425029AE6004AA37A /* Features */,
				CF02328524D5CCEA00B7D8A8 /* ContentView.swift */,
				CF02328724D5CCEB00B7D8A8 /* Assets.xcassets */,
				CF02328C24D5CCEB00B7D8A8 /* Info.plist */,
				CF02328924D5CCEB00B7D8A8 /* Preview Content */,
				CFE90BA0251B259900E2A49A /* Extensions.swift */,
			);
			path = SimplyAuth;
			sourceTree = "<group>";
		};
		CF02328924D5CCEB00B7D8A8 /* Preview Content */ = {
			isa = PBXGroup;
			children = (
				CF02328A24D5CCEB00B7D8A8 /* Preview Assets.xcassets */,
			);
			path = "Preview Content";
			sourceTree = "<group>";
		};
		CF2850F42519CE5300C50DD0 /* Business Logic */ = {
			isa = PBXGroup;
			children = (
				CFF5434A25029D40004AA37A /* HomeState.swift */,
				CF7DB16F250A0137001999E4 /* HomeAction.swift */,
				CFBE2521250B4D95008EE40C /* HomeReducer.swift */,
				CFBE2523250B4DAB008EE40C /* HomeEnvironment.swift */,
			);
			path = "Business Logic";
			sourceTree = "<group>";
		};
		CF2850F52519CEB000C50DD0 /* UI */ = {
			isa = PBXGroup;
			children = (
				CF2850F62519CECD00C50DD0 /* TOTPView.swift */,
				CFBC0357251DC79F00BDDA0A /* HOTPView.swift */,
				CFBBF53A25208DD20048E689 /* HomeView.swift */,
			);
			path = UI;
			sourceTree = "<group>";
		};
		CF5304C825400AF40093A046 /* Edit */ = {
			isa = PBXGroup;
			children = (
				CFC87D5E2545C0D800788EB9 /* Business Logic */,
				CFC87D5F2545C0F700788EB9 /* EditView.swift */,
			);
			path = Edit;
			sourceTree = "<group>";
		};
		CF5BEE04250CCB92006C269C /* OTPCell */ = {
			isa = PBXGroup;
			children = (
				CF5BEE05250CCBBC006C269C /* OTPCell.swift */,
			);
			path = OTPCell;
			sourceTree = "<group>";
		};
		CF70CE4124DC74B300D582A1 /* Keychain */ = {
			isa = PBXGroup;
			children = (
				CF70CE4224DC74CE00D582A1 /* Keychain.swift */,
				CF70CE4424DC779300D582A1 /* KeychainError.swift */,
			);
			path = Keychain;
			sourceTree = "<group>";
		};
		CF70CE4624DC8ABD00D582A1 /* Store */ = {
			isa = PBXGroup;
			children = (
				CFF0407E24DA8B3500D80F50 /* PasswordStore.swift */,
				CFF0407C24DA8B2100D80F50 /* IDStore.swift */,
			);
			path = Store;
			sourceTree = "<group>";
		};
		CF9A7DE725164B2A00858F8C /* OTP */ = {
			isa = PBXGroup;
			children = (
				CF9A7DE825164B8E00858F8C /* OTPExtractor.swift */,
			);
			path = OTP;
			sourceTree = "<group>";
		};
		CFA4AD6924D70E2D00DDCDDC /* Models */ = {
			isa = PBXGroup;
			children = (
				CFA4AD6A24D70E5300DDCDDC /* TOTP.swift */,
				CFA4AD6E24D70F0100DDCDDC /* Algorithm.swift */,
				CFA4AD7024D70F6500DDCDDC /* HOTP.swift */,
				CFA4AD7224D70FC400DDCDDC /* Password.swift */,
			);
			path = Models;
			sourceTree = "<group>";
		};
		CFBA04D82525A82100AD559B /* Business Logic */ = {
			isa = PBXGroup;
			children = (
				CFBA04D92525A83600AD559B /* ScannerAction.swift */,
				CFBA04DC2525A9E000AD559B /* ScannerState.swift */,
				CFBA04DF2525ADDE00AD559B /* ScannerReducer.swift */,
			);
			path = "Business Logic";
			sourceTree = "<group>";
		};
		CFBA04E22525AFD600AD559B /* UI */ = {
			isa = PBXGroup;
			children = (
				CFBA04E32525AFE400AD559B /* ScannerView.swift */,
			);
			path = UI;
			sourceTree = "<group>";
		};
		CFC87D5E2545C0D800788EB9 /* Business Logic */ = {
			isa = PBXGroup;
			children = (
				CF5304C925400B2D0093A046 /* EditState.swift */,
				CF5304CC25400E680093A046 /* EditAction.swift */,
				CFC87D5B254595D000788EB9 /* EditReducer.swift */,
			);
			path = "Business Logic";
			sourceTree = "<group>";
		};
		CFCC276025230C8A00D79AF6 /* Scanner */ = {
			isa = PBXGroup;
			children = (
				CFBA04E22525AFD600AD559B /* UI */,
				CFBA04D82525A82100AD559B /* Business Logic */,
				CFCC276325230E2500D79AF6 /* Supporting Views */,
			);
			path = Scanner;
			sourceTree = "<group>";
		};
		CFCC276325230E2500D79AF6 /* Supporting Views */ = {
			isa = PBXGroup;
			children = (
				CFCC276425230E4500D79AF6 /* QRCodeScannerViewController.swift */,
				CFCC276825230E9000D79AF6 /* QRCodeScannerView.swift */,
				CF28FD64253355F1004D7B5F /* BlurView.swift */,
			);
			path = "Supporting Views";
			sourceTree = "<group>";
		};
		CFE90B9B251B1F7F00E2A49A /* Widgets */ = {
			isa = PBXGroup;
			children = (
				CFE90B9C251B1F9D00E2A49A /* Gauge.swift */,
			);
			path = Widgets;
			sourceTree = "<group>";
		};
		CFF5434425029AE6004AA37A /* Features */ = {
			isa = PBXGroup;
			children = (
				CF5304C825400AF40093A046 /* Edit */,
				CFCC276025230C8A00D79AF6 /* Scanner */,
				CFF5434925029D34004AA37A /* Home */,
				CFF5434525029AF9004AA37A /* App */,
			);
			path = Features;
			sourceTree = "<group>";
		};
		CFF5434525029AF9004AA37A /* App */ = {
			isa = PBXGroup;
			children = (
				CF02328324D5CCEA00B7D8A8 /* SimplyAuthApp.swift */,
				CF9FEE4124D7E50100A3BA0C /* AppState.swift */,
				CFF0407824DA853700D80F50 /* AppAction.swift */,
				CFF0407A24DA8A0C00D80F50 /* AppEnvironment.swift */,
				CF63557624EA7A7400FD73A6 /* AppReducer.swift */,
			);
			path = App;
			sourceTree = "<group>";
		};
		CFF5434925029D34004AA37A /* Home */ = {
			isa = PBXGroup;
			children = (
				CF2850F52519CEB000C50DD0 /* UI */,
				CF2850F42519CE5300C50DD0 /* Business Logic */,
				CF5BEE04250CCB92006C269C /* OTPCell */,
			);
			path = Home;
			sourceTree = "<group>";
		};
/* End PBXGroup section */

/* Begin PBXNativeTarget section */
		CF02327F24D5CCEA00B7D8A8 /* SimplyAuth */ = {
			isa = PBXNativeTarget;
			buildConfigurationList = CF02328F24D5CCEB00B7D8A8 /* Build configuration list for PBXNativeTarget "SimplyAuth" */;
			buildPhases = (
				CF02327C24D5CCEA00B7D8A8 /* Sources */,
				CF02327D24D5CCEA00B7D8A8 /* Frameworks */,
				CF02327E24D5CCEA00B7D8A8 /* Resources */,
			);
			buildRules = (
			);
			dependencies = (
			);
			name = SimplyAuth;
			packageProductDependencies = (
				CF9FEE3F24D7E48600A3BA0C /* ComposableArchitecture */,
			);
			productName = SimplyAuth;
			productReference = CF02328024D5CCEA00B7D8A8 /* SimplyAuth.app */;
			productType = "com.apple.product-type.application";
		};
/* End PBXNativeTarget section */

/* Begin PBXProject section */
		CF02327824D5CCEA00B7D8A8 /* Project object */ = {
			isa = PBXProject;
			attributes = {
				LastSwiftUpdateCheck = 1200;
				LastUpgradeCheck = 1200;
				TargetAttributes = {
					CF02327F24D5CCEA00B7D8A8 = {
						CreatedOnToolsVersion = 12.0;
					};
				};
			};
			buildConfigurationList = CF02327B24D5CCEA00B7D8A8 /* Build configuration list for PBXProject "SimplyAuth" */;
			compatibilityVersion = "Xcode 9.3";
			developmentRegion = en;
			hasScannedForEncodings = 0;
			knownRegions = (
				en,
				Base,
			);
			mainGroup = CF02327724D5CCEA00B7D8A8;
			packageReferences = (
				CF9FEE3E24D7E48600A3BA0C /* XCRemoteSwiftPackageReference "swift-composable-architecture" */,
			);
			productRefGroup = CF02328124D5CCEA00B7D8A8 /* Products */;
			projectDirPath = "";
			projectRoot = "";
			targets = (
				CF02327F24D5CCEA00B7D8A8 /* SimplyAuth */,
			);
		};
/* End PBXProject section */

/* Begin PBXResourcesBuildPhase section */
		CF02327E24D5CCEA00B7D8A8 /* Resources */ = {
			isa = PBXResourcesBuildPhase;
			buildActionMask = 2147483647;
			files = (
				CF02328B24D5CCEB00B7D8A8 /* Preview Assets.xcassets in Resources */,
				CF02328824D5CCEB00B7D8A8 /* Assets.xcassets in Resources */,
			);
			runOnlyForDeploymentPostprocessing = 0;
		};
/* End PBXResourcesBuildPhase section */

/* Begin PBXSourcesBuildPhase section */
		CF02327C24D5CCEA00B7D8A8 /* Sources */ = {
			isa = PBXSourcesBuildPhase;
			buildActionMask = 2147483647;
			files = (
				CFE90BA1251B259900E2A49A /* Extensions.swift in Sources */,
				CF9A7DE925164B8E00858F8C /* OTPExtractor.swift in Sources */,
				CFBA04DA2525A83600AD559B /* ScannerAction.swift in Sources */,
				CFA4AD7324D70FC400DDCDDC /* Password.swift in Sources */,
				CFBBF53B25208DD20048E689 /* HomeView.swift in Sources */,
				CF5304CD25400E680093A046 /* EditAction.swift in Sources */,
				CFF5434B25029D40004AA37A /* HomeState.swift in Sources */,
				CFBA04DD2525A9E000AD559B /* ScannerState.swift in Sources */,
				CFCC276925230E9000D79AF6 /* QRCodeScannerView.swift in Sources */,
				CF2850F72519CECD00C50DD0 /* TOTPView.swift in Sources */,
				CFBA04E42525AFE400AD559B /* ScannerView.swift in Sources */,
				CF7DB170250A0137001999E4 /* HomeAction.swift in Sources */,
				CF02328624D5CCEA00B7D8A8 /* ContentView.swift in Sources */,
				CFBC0358251DC79F00BDDA0A /* HOTPView.swift in Sources */,
				CFC87D602545C0F700788EB9 /* EditView.swift in Sources */,
				CF63557724EA7A7400FD73A6 /* AppReducer.swift in Sources */,
				CF9FEE4224D7E50100A3BA0C /* AppState.swift in Sources */,
				CFA4AD6F24D70F0100DDCDDC /* Algorithm.swift in Sources */,
				CFBA04E02525ADDE00AD559B /* ScannerReducer.swift in Sources */,
				CFA4AD7124D70F6500DDCDDC /* HOTP.swift in Sources */,
				CF70CE4324DC74CE00D582A1 /* Keychain.swift in Sources */,
				CFF0407924DA853700D80F50 /* AppAction.swift in Sources */,
				CFCC276525230E4500D79AF6 /* QRCodeScannerViewController.swift in Sources */,
				CFF0407D24DA8B2100D80F50 /* IDStore.swift in Sources */,
				CF70CE4524DC779300D582A1 /* KeychainError.swift in Sources */,
				CFF0407F24DA8B3500D80F50 /* PasswordStore.swift in Sources */,
				CFC87D5C254595D000788EB9 /* EditReducer.swift in Sources */,
				CFA4AD6B24D70E5300DDCDDC /* TOTP.swift in Sources */,
				CF28FD65253355F1004D7B5F /* BlurView.swift in Sources */,
				CF5304CA25400B2D0093A046 /* EditState.swift in Sources */,
				CFBE2524250B4DAB008EE40C /* HomeEnvironment.swift in Sources */,
				CFE90B9D251B1F9D00E2A49A /* Gauge.swift in Sources */,
				CFBE2522250B4D95008EE40C /* HomeReducer.swift in Sources */,
				CF02328424D5CCEA00B7D8A8 /* SimplyAuthApp.swift in Sources */,
				CFF0407B24DA8A0C00D80F50 /* AppEnvironment.swift in Sources */,
				CF5BEE06250CCBBC006C269C /* OTPCell.swift in Sources */,
			);
			runOnlyForDeploymentPostprocessing = 0;
		};
/* End PBXSourcesBuildPhase section */

/* Begin XCBuildConfiguration section */
		CF02328D24D5CCEB00B7D8A8 /* Debug */ = {
			isa = XCBuildConfiguration;
			buildSettings = {
				ALWAYS_SEARCH_USER_PATHS = NO;
				CLANG_ANALYZER_NONNULL = YES;
				CLANG_ANALYZER_NUMBER_OBJECT_CONVERSION = YES_AGGRESSIVE;
				CLANG_CXX_LANGUAGE_STANDARD = "gnu++14";
				CLANG_CXX_LIBRARY = "libc++";
				CLANG_ENABLE_MODULES = YES;
				CLANG_ENABLE_OBJC_ARC = YES;
				CLANG_ENABLE_OBJC_WEAK = YES;
				CLANG_WARN_BLOCK_CAPTURE_AUTORELEASING = YES;
				CLANG_WARN_BOOL_CONVERSION = YES;
				CLANG_WARN_COMMA = YES;
				CLANG_WARN_CONSTANT_CONVERSION = YES;
				CLANG_WARN_DEPRECATED_OBJC_IMPLEMENTATIONS = YES;
				CLANG_WARN_DIRECT_OBJC_ISA_USAGE = YES_ERROR;
				CLANG_WARN_DOCUMENTATION_COMMENTS = YES;
				CLANG_WARN_EMPTY_BODY = YES;
				CLANG_WARN_ENUM_CONVERSION = YES;
				CLANG_WARN_INFINITE_RECURSION = YES;
				CLANG_WARN_INT_CONVERSION = YES;
				CLANG_WARN_NON_LITERAL_NULL_CONVERSION = YES;
				CLANG_WARN_OBJC_IMPLICIT_RETAIN_SELF = YES;
				CLANG_WARN_OBJC_LITERAL_CONVERSION = YES;
				CLANG_WARN_OBJC_ROOT_CLASS = YES_ERROR;
				CLANG_WARN_QUOTED_INCLUDE_IN_FRAMEWORK_HEADER = YES;
				CLANG_WARN_RANGE_LOOP_ANALYSIS = YES;
				CLANG_WARN_STRICT_PROTOTYPES = YES;
				CLANG_WARN_SUSPICIOUS_MOVE = YES;
				CLANG_WARN_UNGUARDED_AVAILABILITY = YES_AGGRESSIVE;
				CLANG_WARN_UNREACHABLE_CODE = YES;
				CLANG_WARN__DUPLICATE_METHOD_MATCH = YES;
				COPY_PHASE_STRIP = NO;
				DEBUG_INFORMATION_FORMAT = dwarf;
				ENABLE_STRICT_OBJC_MSGSEND = YES;
				ENABLE_TESTABILITY = YES;
				GCC_C_LANGUAGE_STANDARD = gnu11;
				GCC_DYNAMIC_NO_PIC = NO;
				GCC_NO_COMMON_BLOCKS = YES;
				GCC_OPTIMIZATION_LEVEL = 0;
				GCC_PREPROCESSOR_DEFINITIONS = (
					"DEBUG=1",
					"$(inherited)",
				);
				GCC_WARN_64_TO_32_BIT_CONVERSION = YES;
				GCC_WARN_ABOUT_RETURN_TYPE = YES_ERROR;
				GCC_WARN_UNDECLARED_SELECTOR = YES;
				GCC_WARN_UNINITIALIZED_AUTOS = YES_AGGRESSIVE;
				GCC_WARN_UNUSED_FUNCTION = YES;
				GCC_WARN_UNUSED_VARIABLE = YES;
				IPHONEOS_DEPLOYMENT_TARGET = 14.0;
				MTL_ENABLE_DEBUG_INFO = INCLUDE_SOURCE;
				MTL_FAST_MATH = YES;
				ONLY_ACTIVE_ARCH = YES;
				SDKROOT = iphoneos;
				SWIFT_ACTIVE_COMPILATION_CONDITIONS = DEBUG;
				SWIFT_OPTIMIZATION_LEVEL = "-Onone";
			};
			name = Debug;
		};
		CF02328E24D5CCEB00B7D8A8 /* Release */ = {
			isa = XCBuildConfiguration;
			buildSettings = {
				ALWAYS_SEARCH_USER_PATHS = NO;
				CLANG_ANALYZER_NONNULL = YES;
				CLANG_ANALYZER_NUMBER_OBJECT_CONVERSION = YES_AGGRESSIVE;
				CLANG_CXX_LANGUAGE_STANDARD = "gnu++14";
				CLANG_CXX_LIBRARY = "libc++";
				CLANG_ENABLE_MODULES = YES;
				CLANG_ENABLE_OBJC_ARC = YES;
				CLANG_ENABLE_OBJC_WEAK = YES;
				CLANG_WARN_BLOCK_CAPTURE_AUTORELEASING = YES;
				CLANG_WARN_BOOL_CONVERSION = YES;
				CLANG_WARN_COMMA = YES;
				CLANG_WARN_CONSTANT_CONVERSION = YES;
				CLANG_WARN_DEPRECATED_OBJC_IMPLEMENTATIONS = YES;
				CLANG_WARN_DIRECT_OBJC_ISA_USAGE = YES_ERROR;
				CLANG_WARN_DOCUMENTATION_COMMENTS = YES;
				CLANG_WARN_EMPTY_BODY = YES;
				CLANG_WARN_ENUM_CONVERSION = YES;
				CLANG_WARN_INFINITE_RECURSION = YES;
				CLANG_WARN_INT_CONVERSION = YES;
				CLANG_WARN_NON_LITERAL_NULL_CONVERSION = YES;
				CLANG_WARN_OBJC_IMPLICIT_RETAIN_SELF = YES;
				CLANG_WARN_OBJC_LITERAL_CONVERSION = YES;
				CLANG_WARN_OBJC_ROOT_CLASS = YES_ERROR;
				CLANG_WARN_QUOTED_INCLUDE_IN_FRAMEWORK_HEADER = YES;
				CLANG_WARN_RANGE_LOOP_ANALYSIS = YES;
				CLANG_WARN_STRICT_PROTOTYPES = YES;
				CLANG_WARN_SUSPICIOUS_MOVE = YES;
				CLANG_WARN_UNGUARDED_AVAILABILITY = YES_AGGRESSIVE;
				CLANG_WARN_UNREACHABLE_CODE = YES;
				CLANG_WARN__DUPLICATE_METHOD_MATCH = YES;
				COPY_PHASE_STRIP = NO;
				DEBUG_INFORMATION_FORMAT = "dwarf-with-dsym";
				ENABLE_NS_ASSERTIONS = NO;
				ENABLE_STRICT_OBJC_MSGSEND = YES;
				GCC_C_LANGUAGE_STANDARD = gnu11;
				GCC_NO_COMMON_BLOCKS = YES;
				GCC_WARN_64_TO_32_BIT_CONVERSION = YES;
				GCC_WARN_ABOUT_RETURN_TYPE = YES_ERROR;
				GCC_WARN_UNDECLARED_SELECTOR = YES;
				GCC_WARN_UNINITIALIZED_AUTOS = YES_AGGRESSIVE;
				GCC_WARN_UNUSED_FUNCTION = YES;
				GCC_WARN_UNUSED_VARIABLE = YES;
				IPHONEOS_DEPLOYMENT_TARGET = 14.0;
				MTL_ENABLE_DEBUG_INFO = NO;
				MTL_FAST_MATH = YES;
				SDKROOT = iphoneos;
				SWIFT_COMPILATION_MODE = wholemodule;
				SWIFT_OPTIMIZATION_LEVEL = "-O";
				VALIDATE_PRODUCT = YES;
			};
			name = Release;
		};
		CF02329024D5CCEB00B7D8A8 /* Debug */ = {
			isa = XCBuildConfiguration;
			buildSettings = {
				ASSETCATALOG_COMPILER_APPICON_NAME = AppIcon;
				ASSETCATALOG_COMPILER_GLOBAL_ACCENT_COLOR_NAME = AccentColor;
				CODE_SIGN_STYLE = Automatic;
				DEVELOPMENT_ASSET_PATHS = "\"SimplyAuth/Preview Content\"";
				DEVELOPMENT_TEAM = Y99795RM29;
				ENABLE_PREVIEWS = YES;
				INFOPLIST_FILE = SimplyAuth/Info.plist;
				IPHONEOS_DEPLOYMENT_TARGET = 14.0;
				LD_RUNPATH_SEARCH_PATHS = (
					"$(inherited)",
					"@executable_path/Frameworks",
				);
				PRODUCT_BUNDLE_IDENTIFIER = com.PaoloRocca.SimplyAuth;
				PRODUCT_NAME = "$(TARGET_NAME)";
				SWIFT_VERSION = 5.0;
				TARGETED_DEVICE_FAMILY = "1,2";
			};
			name = Debug;
		};
		CF02329124D5CCEB00B7D8A8 /* Release */ = {
			isa = XCBuildConfiguration;
			buildSettings = {
				ASSETCATALOG_COMPILER_APPICON_NAME = AppIcon;
				ASSETCATALOG_COMPILER_GLOBAL_ACCENT_COLOR_NAME = AccentColor;
				CODE_SIGN_STYLE = Automatic;
				DEVELOPMENT_ASSET_PATHS = "\"SimplyAuth/Preview Content\"";
				DEVELOPMENT_TEAM = Y99795RM29;
				ENABLE_PREVIEWS = YES;
				INFOPLIST_FILE = SimplyAuth/Info.plist;
				IPHONEOS_DEPLOYMENT_TARGET = 14.0;
				LD_RUNPATH_SEARCH_PATHS = (
					"$(inherited)",
					"@executable_path/Frameworks",
				);
				PRODUCT_BUNDLE_IDENTIFIER = com.PaoloRocca.SimplyAuth;
				PRODUCT_NAME = "$(TARGET_NAME)";
				SWIFT_VERSION = 5.0;
				TARGETED_DEVICE_FAMILY = "1,2";
			};
			name = Release;
		};
/* End XCBuildConfiguration section */

/* Begin XCConfigurationList section */
		CF02327B24D5CCEA00B7D8A8 /* Build configuration list for PBXProject "SimplyAuth" */ = {
			isa = XCConfigurationList;
			buildConfigurations = (
				CF02328D24D5CCEB00B7D8A8 /* Debug */,
				CF02328E24D5CCEB00B7D8A8 /* Release */,
			);
			defaultConfigurationIsVisible = 0;
			defaultConfigurationName = Release;
		};
		CF02328F24D5CCEB00B7D8A8 /* Build configuration list for PBXNativeTarget "SimplyAuth" */ = {
			isa = XCConfigurationList;
			buildConfigurations = (
				CF02329024D5CCEB00B7D8A8 /* Debug */,
				CF02329124D5CCEB00B7D8A8 /* Release */,
			);
			defaultConfigurationIsVisible = 0;
			defaultConfigurationName = Release;
		};
/* End XCConfigurationList section */

/* Begin XCRemoteSwiftPackageReference section */
		CF9FEE3E24D7E48600A3BA0C /* XCRemoteSwiftPackageReference "swift-composable-architecture" */ = {
			isa = XCRemoteSwiftPackageReference;
			repositoryURL = "https://github.com/pointfreeco/swift-composable-architecture";
			requirement = {
				kind = upToNextMajorVersion;
				minimumVersion = 0.6.0;
			};
		};
/* End XCRemoteSwiftPackageReference section */

/* Begin XCSwiftPackageProductDependency section */
		CF9FEE3F24D7E48600A3BA0C /* ComposableArchitecture */ = {
			isa = XCSwiftPackageProductDependency;
			package = CF9FEE3E24D7E48600A3BA0C /* XCRemoteSwiftPackageReference "swift-composable-architecture" */;
			productName = ComposableArchitecture;
		};
/* End XCSwiftPackageProductDependency section */
	};
	rootObject = CF02327824D5CCEA00B7D8A8 /* Project object */;
}
